PODS:
  - Alamofire (5.4.4)
  - AlamofireImage (4.2.0):
    - Alamofire (~> 5.4)
  - Charts (3.6.0):
    - Charts/Core (= 3.6.0)
  - Charts/Core (3.6.0)
  - FBAEMKit (12.1.0):
    - FBSDKCoreKit_Basics (= 12.1.0)
  - FBSDKCoreKit (12.1.0):
    - FBAEMKit (= 12.1.0)
    - FBSDKCoreKit_Basics (= 12.1.0)
  - FBSDKCoreKit_Basics (12.1.0)
  - FBSDKLoginKit (12.1.0):
    - FBSDKCoreKit (= 12.1.0)
  - FBSDKShareKit (12.1.0):
    - FBSDKCoreKit (= 12.1.0)
  - Stripe (21.9.0):
    - Stripe/Stripe3DS2 (= 21.9.0)
    - StripeCore (= 21.9.0)
    - StripeUICore (= 21.9.0)
  - Stripe/Stripe3DS2 (21.9.0):
    - StripeCore (= 21.9.0)
    - StripeUICore (= 21.9.0)
  - StripeCore (21.9.0)
  - StripeUICore (21.9.0):
    - StripeCore (= 21.9.0)
  - SwiftKeychainWrapper (4.0.1)
  - SwiftyJSON (5.0.1)

DEPENDENCIES:
  - Alamofire
  - AlamofireImage
  - Charts
  - FBSDKCoreKit
  - FBSDKLoginKit
  - FBSDKShareKit
  - Stripe
  - SwiftKeychainWrapper
  - SwiftyJSON

SPEC REPOS:
  trunk:
    - Alamofire
    - AlamofireImage
    - Charts
    - FBAEMKit
    - FBSDKCoreKit
    - FBSDKCoreKit_Basics
    - FBSDKLoginKit
    - FBSDKShareKit
    - Stripe
    - StripeCore
    - StripeUICore
    - SwiftKeychainWrapper
    - SwiftyJSON

SPEC CHECKSUMS:
  Alamofire: f3b09a368f1582ab751b3fff5460276e0d2cf5c9
  AlamofireImage: 34a2d90b0e5fe6a5605f85ae4b7b01e784c60192
  Charts: b1e3a1f5a1c9ba5394438ca3b91bd8c9076310af
  FBAEMKit: 56c0bb9b42e3747cd82b67934f0c2b19325382ea
  FBSDKCoreKit: 75368765d9c2303073145a7925dfaa9d60bcd77b
  FBSDKCoreKit_Basics: 39865aff97e5f6951a78fb3e89dc4460e35e1895
  FBSDKLoginKit: e993f97c7cc794c5da4056d8aec3c3d66033a727
  FBSDKShareKit: 24943f539dbe382a6fad04952ea1aee29b100c1f
  Stripe: 41c3d261501e1dc84755b1bdabdaae50ebf92b53
  StripeCore: 2ea9531e863ef20f191a0d61f00dedb7f061baef
  StripeUICore: a0f9e40520823d34c63baec0782fc4a0c7fb7484
  SwiftKeychainWrapper: 807ba1d63c33a7d0613288512399cd1eda1e470c
  SwiftyJSON: 2f33a42c6fbc52764d96f13368585094bfd8aa5e

PODFILE CHECKSUM: a61ffb833dd1c103ff8c0cf15983d4d4ca7eb005

COCOAPODS: 1.11.0
