PODS:
  - Alamofire (5.4.4)
  - AlamofireImage (4.2.0):
    - Alamofire (~> 5.4)
  - FBAEMKit (11.2.1):
    - FBAEMKit/AEM (= 11.2.1)
  - FBAEMKit/AEM (11.2.1):
    - FBSDKCoreKit_Basics (~> 11.2.1)
  - FBSDKCoreKit (11.2.1):
    - FBSDKCoreKit/Core (= 11.2.1)
  - FBSDKCoreKit/Core (11.2.1):
    - FBAEMKit (~> 11.2.1)
    - FBSDKCoreKit_Basics (~> 11.2.1)
  - FBSDKCoreKit_Basics (11.2.1):
    - FBSDKCoreKit_Basics/Basics (= 11.2.1)
  - FBSDKCoreKit_Basics/Basics (11.2.1)
  - FBSDKLoginKit (11.2.1):
    - FBSDKLoginKit/Login (= 11.2.1)
  - FBSDKLoginKit/Login (11.2.1):
    - FBSDKCoreKit (~> 11.2.1)
    - FBSDKCoreKit_Basics (~> 11.2.1)
  - FBSDKShareKit (11.2.1):
    - FBSDKShareKit/Share (= 11.2.1)
  - FBSDKShareKit/Share (11.2.1):
    - FBSDKCoreKit (~> 11.2.1)
    - FBSDKCoreKit_Basics (~> 11.2.1)
  - Stripe (21.9.0):
    - Stripe/Stripe3DS2 (= 21.9.0)
    - StripeCore (= 21.9.0)
    - StripeUICore (= 21.9.0)
  - Stripe/Stripe3DS2 (21.9.0):
    - StripeCore (= 21.9.0)
    - StripeUICore (= 21.9.0)
  - StripeCore (21.9.0)
  - StripeUICore (21.9.0):
    - StripeCore (= 21.9.0)
  - SwiftKeychainWrapper (4.0.1)
  - SwiftyJSON (5.0.1)

DEPENDENCIES:
  - Alamofire
  - AlamofireImage
  - FBSDKCoreKit
  - FBSDKLoginKit
  - FBSDKShareKit
  - Stripe
  - SwiftKeychainWrapper
  - SwiftyJSON

SPEC REPOS:
  trunk:
    - Alamofire
    - AlamofireImage
    - FBAEMKit
    - FBSDKCoreKit
    - FBSDKCoreKit_Basics
    - FBSDKLoginKit
    - FBSDKShareKit
    - Stripe
    - StripeCore
    - StripeUICore
    - SwiftKeychainWrapper
    - SwiftyJSON

SPEC CHECKSUMS:
  Alamofire: f3b09a368f1582ab751b3fff5460276e0d2cf5c9
  AlamofireImage: 34a2d90b0e5fe6a5605f85ae4b7b01e784c60192
  FBAEMKit: 5de0a7aaa854eec69bb5be20795952a63d38a5f6
  FBSDKCoreKit: bf655f808b040ed66a72b9922911b39d703e64f4
  FBSDKCoreKit_Basics: 73ebe3a27eb688ac5b5aa7e99f68992993042115
  FBSDKLoginKit: 2e76831ef08d356b8f9150ea51cce865074ea304
  FBSDKShareKit: 1c8c3000880382ae005fe4a4e7eae9932db1a837
  Stripe: 41c3d261501e1dc84755b1bdabdaae50ebf92b53
  StripeCore: 2ea9531e863ef20f191a0d61f00dedb7f061baef
  StripeUICore: a0f9e40520823d34c63baec0782fc4a0c7fb7484
  SwiftKeychainWrapper: 807ba1d63c33a7d0613288512399cd1eda1e470c
  SwiftyJSON: 2f33a42c6fbc52764d96f13368585094bfd8aa5e

PODFILE CHECKSUM: 2bee0cc84323a41325281ec54e509bb1d650fe3d

COCOAPODS: 1.11.2
